// !$*UTF8*$!
{
	archiveVersion = 1;
	classes = {
	};
	objectVersion = 46;
	objects = {

/* Begin PBXBuildFile section */
		E2D616FE184ABD9B004D5EA1 /* UIKit.framework in Frameworks */ = {isa = PBXBuildFile; fileRef = E2D616FD184ABD9B004D5EA1 /* UIKit.framework */; };
		E2D61700184ABD9C004D5EA1 /* Foundation.framework in Frameworks */ = {isa = PBXBuildFile; fileRef = E2D616FF184ABD9B004D5EA1 /* Foundation.framework */; };
		E2D61702184ABD9C004D5EA1 /* CoreGraphics.framework in Frameworks */ = {isa = PBXBuildFile; fileRef = E2D61701184ABD9C004D5EA1 /* CoreGraphics.framework */; };
		E2D61708184ABD9C004D5EA1 /* InfoPlist.strings in Resources */ = {isa = PBXBuildFile; fileRef = E2D61706184ABD9C004D5EA1 /* InfoPlist.strings */; };
		E2D6170A184ABD9C004D5EA1 /* main.m in Sources */ = {isa = PBXBuildFile; fileRef = E2D61709184ABD9C004D5EA1 /* main.m */; };
		E2D6170E184ABD9C004D5EA1 /* AppDelegate.m in Sources */ = {isa = PBXBuildFile; fileRef = E2D6170D184ABD9C004D5EA1 /* AppDelegate.m */; };
		E2D61710184ABD9C004D5EA1 /* Default.png in Resources */ = {isa = PBXBuildFile; fileRef = E2D6170F184ABD9C004D5EA1 /* Default.png */; };
		E2D61712184ABD9C004D5EA1 /* Default@2x.png in Resources */ = {isa = PBXBuildFile; fileRef = E2D61711184ABD9C004D5EA1 /* Default@2x.png */; };
		E2D61714184ABD9C004D5EA1 /* Default-568h@2x.png in Resources */ = {isa = PBXBuildFile; fileRef = E2D61713184ABD9C004D5EA1 /* Default-568h@2x.png */; };
		E2D61717184ABD9C004D5EA1 /* ViewController.m in Sources */ = {isa = PBXBuildFile; fileRef = E2D61716184ABD9C004D5EA1 /* ViewController.m */; };
		E2D6171A184ABD9C004D5EA1 /* ViewController.xib in Resources */ = {isa = PBXBuildFile; fileRef = E2D61718184ABD9C004D5EA1 /* ViewController.xib */; };
/* End PBXBuildFile section */

/* Begin PBXFileReference section */
		E2D616FA184ABD9B004D5EA1 /* FirstProgram.app */ = {isa = PBXFileReference; explicitFileType = wrapper.application; includeInIndex = 0; path = FirstProgram.app; sourceTree = BUILT_PRODUCTS_DIR; };
		E2D616FD184ABD9B004D5EA1 /* UIKit.framework */ = {isa = PBXFileReference; lastKnownFileType = wrapper.framework; name = UIKit.framework; path = System/Library/Frameworks/UIKit.framework; sourceTree = SDKROOT; };
		E2D616FF184ABD9B004D5EA1 /* Foundation.framework */ = {isa = PBXFileReference; lastKnownFileType = wrapper.framework; name = Foundation.framework; path = System/Library/Frameworks/Foundation.framework; sourceTree = SDKROOT; };
		E2D61701184ABD9C004D5EA1 /* CoreGraphics.framework */ = {isa = PBXFileReference; lastKnownFileType = wrapper.framework; name = CoreGraphics.framework; path = System/Library/Frameworks/CoreGraphics.framework; sourceTree = SDKROOT; };
		E2D61705184ABD9C004D5EA1 /* FirstProgram-Info.plist */ = {isa = PBXFileReference; lastKnownFileType = text.plist.xml; path = "FirstProgram-Info.plist"; sourceTree = "<group>"; };
		E2D61707184ABD9C004D5EA1 /* en */ = {isa = PBXFileReference; lastKnownFileType = text.plist.strings; name = en; path = en.lproj/InfoPlist.strings; sourceTree = "<group>"; };
		E2D61709184ABD9C004D5EA1 /* main.m */ = {isa = PBXFileReference; lastKnownFileType = sourcecode.c.objc; path = main.m; sourceTree = "<group>"; };
		E2D6170B184ABD9C004D5EA1 /* FirstProgram-Prefix.pch */ = {isa = PBXFileReference; lastKnownFileType = sourcecode.c.h; path = "FirstProgram-Prefix.pch"; sourceTree = "<group>"; };
		E2D6170C184ABD9C004D5EA1 /* AppDelegate.h */ = {isa = PBXFileReference; lastKnownFileType = sourcecode.c.h; path = AppDelegate.h; sourceTree = "<group>"; };
		E2D6170D184ABD9C004D5EA1 /* AppDelegate.m */ = {isa = PBXFileReference; lastKnownFileType = sourcecode.c.objc; path = AppDelegate.m; sourceTree = "<group>"; };
		E2D6170F184ABD9C004D5EA1 /* Default.png */ = {isa = PBXFileReference; lastKnownFileType = image.png; path = Default.png; sourceTree = "<group>"; };
		E2D61711184ABD9C004D5EA1 /* Default@2x.png */ = {isa = PBXFileReference; lastKnownFileType = image.png; path = "Default@2x.png"; sourceTree = "<group>"; };
		E2D61713184ABD9C004D5EA1 /* Default-568h@2x.png */ = {isa = PBXFileReference; lastKnownFileType = image.png; path = "Default-568h@2x.png"; sourceTree = "<group>"; };
		E2D61715184ABD9C004D5EA1 /* ViewController.h */ = {isa = PBXFileReference; lastKnownFileType = sourcecode.c.h; path = ViewController.h; sourceTree = "<group>"; };
		E2D61716184ABD9C004D5EA1 /* ViewController.m */ = {isa = PBXFileReference; lastKnownFileType = sourcecode.c.objc; path = ViewController.m; sourceTree = "<group>"; };
		E2D61719184ABD9C004D5EA1 /* en */ = {isa = PBXFileReference; lastKnownFileType = file.xib; name = en; path = en.lproj/ViewController.xib; sourceTree = "<group>"; };
/* End PBXFileReference section */

/* Begin PBXFrameworksBuildPhase section */
		E2D616F7184ABD9B004D5EA1 /* Frameworks */ = {
			isa = PBXFrameworksBuildPhase;
			buildActionMask = 2147483647;
			files = (
				E2D616FE184ABD9B004D5EA1 /* UIKit.framework in Frameworks */,
				E2D61700184ABD9C004D5EA1 /* Foundation.framework in Frameworks */,
				E2D61702184ABD9C004D5EA1 /* CoreGraphics.framework in Frameworks */,
			);
			runOnlyForDeploymentPostprocessing = 0;
		};
/* End PBXFrameworksBuildPhase section */

/* Begin PBXGroup section */
		E2D616F1184ABD9B004D5EA1 = {
			isa = PBXGroup;
			children = (
				E2D61703184ABD9C004D5EA1 /* FirstProgram */,
				E2D616FC184ABD9B004D5EA1 /* Frameworks */,
				E2D616FB184ABD9B004D5EA1 /* Products */,
			);
			sourceTree = "<group>";
		};
		E2D616FB184ABD9B004D5EA1 /* Products */ = {
			isa = PBXGroup;
			children = (
				E2D616FA184ABD9B004D5EA1 /* FirstProgram.app */,
			);
			name = Products;
			sourceTree = "<group>";
		};
		E2D616FC184ABD9B004D5EA1 /* Frameworks */ = {
			isa = PBXGroup;
			children = (
				E2D616FD184ABD9B004D5EA1 /* UIKit.framework */,
				E2D616FF184ABD9B004D5EA1 /* Foundation.framework */,
				E2D61701184ABD9C004D5EA1 /* CoreGraphics.framework */,
			);
			name = Frameworks;
			sourceTree = "<group>";
		};
		E2D61703184ABD9C004D5EA1 /* FirstProgram */ = {
			isa = PBXGroup;
			children = (
				E2D6170C184ABD9C004D5EA1 /* AppDelegate.h */,
				E2D6170D184ABD9C004D5EA1 /* AppDelegate.m */,
				E2D61715184ABD9C004D5EA1 /* ViewController.h */,
				E2D61716184ABD9C004D5EA1 /* ViewController.m */,
				E2D61718184ABD9C004D5EA1 /* ViewController.xib */,
				E2D61704184ABD9C004D5EA1 /* Supporting Files */,
			);
			path = FirstProgram;
			sourceTree = "<group>";
		};
		E2D61704184ABD9C004D5EA1 /* Supporting Files */ = {
			isa = PBXGroup;
			children = (
				E2D61705184ABD9C004D5EA1 /* FirstProgram-Info.plist */,
				E2D61706184ABD9C004D5EA1 /* InfoPlist.strings */,
				E2D61709184ABD9C004D5EA1 /* main.m */,
				E2D6170B184ABD9C004D5EA1 /* FirstProgram-Prefix.pch */,
				E2D6170F184ABD9C004D5EA1 /* Default.png */,
				E2D61711184ABD9C004D5EA1 /* Default@2x.png */,
				E2D61713184ABD9C004D5EA1 /* Default-568h@2x.png */,
			);
			name = "Supporting Files";
			sourceTree = "<group>";
		};
/* End PBXGroup section */

/* Begin PBXNativeTarget section */
		E2D616F9184ABD9B004D5EA1 /* FirstProgram */ = {
			isa = PBXNativeTarget;
			buildConfigurationList = E2D6171D184ABD9C004D5EA1 /* Build configuration list for PBXNativeTarget "FirstProgram" */;
			buildPhases = (
				E2D616F6184ABD9B004D5EA1 /* Sources */,
				E2D616F7184ABD9B004D5EA1 /* Frameworks */,
				E2D616F8184ABD9B004D5EA1 /* Resources */,
			);
			buildRules = (
			);
			dependencies = (
			);
			name = FirstProgram;
			productName = FirstProgram;
			productReference = E2D616FA184ABD9B004D5EA1 /* FirstProgram.app */;
			productType = "com.apple.product-type.application";
		};
/* End PBXNativeTarget section */

/* Begin PBXProject section */
		E2D616F2184ABD9B004D5EA1 /* Project object */ = {
			isa = PBXProject;
			attributes = {
				LastUpgradeCheck = 0460;
				ORGANIZATIONNAME = "The Big Mud";
			};
			buildConfigurationList = E2D616F5184ABD9B004D5EA1 /* Build configuration list for PBXProject "FirstProgram" */;
			compatibilityVersion = "Xcode 3.2";
			developmentRegion = English;
			hasScannedForEncodings = 0;
			knownRegions = (
				en,
			);
			mainGroup = E2D616F1184ABD9B004D5EA1;
			productRefGroup = E2D616FB184ABD9B004D5EA1 /* Products */;
			projectDirPath = "";
			projectRoot = "";
			targets = (
				E2D616F9184ABD9B004D5EA1 /* FirstProgram */,
			);
		};
/* End PBXProject section */

/* Begin PBXResourcesBuildPhase section */
		E2D616F8184ABD9B004D5EA1 /* Resources */ = {
			isa = PBXResourcesBuildPhase;
			buildActionMask = 2147483647;
			files = (
				E2D61708184ABD9C004D5EA1 /* InfoPlist.strings in Resources */,
				E2D61710184ABD9C004D5EA1 /* Default.png in Resources */,
				E2D61712184ABD9C004D5EA1 /* Default@2x.png in Resources */,
				E2D61714184ABD9C004D5EA1 /* Default-568h@2x.png in Resources */,
				E2D6171A184ABD9C004D5EA1 /* ViewController.xib in Resources */,
			);
			runOnlyForDeploymentPostprocessing = 0;
		};
/* End PBXResourcesBuildPhase section */

/* Begin PBXSourcesBuildPhase section */
		E2D616F6184ABD9B004D5EA1 /* Sources */ = {
			isa = PBXSourcesBuildPhase;
			buildActionMask = 2147483647;
			files = (
				E2D6170A184ABD9C004D5EA1 /* main.m in Sources */,
				E2D6170E184ABD9C004D5EA1 /* AppDelegate.m in Sources */,
				E2D61717184ABD9C004D5EA1 /* ViewController.m in Sources */,
			);
			runOnlyForDeploymentPostprocessing = 0;
		};
/* End PBXSourcesBuildPhase section */

/* Begin PBXVariantGroup section */
		E2D61706184ABD9C004D5EA1 /* InfoPlist.strings */ = {
			isa = PBXVariantGroup;
			children = (
				E2D61707184ABD9C004D5EA1 /* en */,
			);
			name = InfoPlist.strings;
			sourceTree = "<group>";
		};
		E2D61718184ABD9C004D5EA1 /* ViewController.xib */ = {
			isa = PBXVariantGroup;
			children = (
				E2D61719184ABD9C004D5EA1 /* en */,
			);
			name = ViewController.xib;
			sourceTree = "<group>";
		};
/* End PBXVariantGroup section */

/* Begin XCBuildConfiguration section */
		E2D6171B184ABD9C004D5EA1 /* Debug */ = {
			isa = XCBuildConfiguration;
			buildSettings = {
				ALWAYS_SEARCH_USER_PATHS = NO;
				CLANG_CXX_LANGUAGE_STANDARD = "gnu++0x";
				CLANG_CXX_LIBRARY = "libc++";
				CLANG_ENABLE_OBJC_ARC = YES;
				CLANG_WARN_CONSTANT_CONVERSION = YES;
				CLANG_WARN_EMPTY_BODY = YES;
				CLANG_WARN_ENUM_CONVERSION = YES;
				CLANG_WARN_INT_CONVERSION = YES;
				CLANG_WARN__DUPLICATE_METHOD_MATCH = YES;
				"CODE_SIGN_IDENTITY[sdk=iphoneos*]" = "iPhone Developer";
				COPY_PHASE_STRIP = NO;
				GCC_C_LANGUAGE_STANDARD = gnu99;
				GCC_DYNAMIC_NO_PIC = NO;
				GCC_OPTIMIZATION_LEVEL = 0;
				GCC_PREPROCESSOR_DEFINITIONS = (
					"DEBUG=1",
					"$(inherited)",
				);
				GCC_SYMBOLS_PRIVATE_EXTERN = NO;
				GCC_WARN_ABOUT_RETURN_TYPE = YES;
				GCC_WARN_UNINITIALIZED_AUTOS = YES;
				GCC_WARN_UNUSED_VARIABLE = YES;
				IPHONEOS_DEPLOYMENT_TARGET = 6.1;
				ONLY_ACTIVE_ARCH = YES;
				SDKROOT = iphoneos;
			};
			name = Debug;
		};
		E2D6171C184ABD9C004D5EA1 /* Release */ = {
			isa = XCBuildConfiguration;
			buildSettings = {
				ALWAYS_SEARCH_USER_PATHS = NO;
				CLANG_CXX_LANGUAGE_STANDARD = "gnu++0x";
				CLANG_CXX_LIBRARY = "libc++";
				CLANG_ENABLE_OBJC_ARC = YES;
				CLANG_WARN_CONSTANT_CONVERSION = YES;
				CLANG_WARN_EMPTY_BODY = YES;
				CLANG_WARN_ENUM_CONVERSION = YES;
				CLANG_WARN_INT_CONVERSION = YES;
				CLANG_WARN__DUPLICATE_METHOD_MATCH = YES;
				"CODE_SIGN_IDENTITY[sdk=iphoneos*]" = "iPhone Developer";
				COPY_PHASE_STRIP = YES;
				GCC_C_LANGUAGE_STANDARD = gnu99;
				GCC_WARN_ABOUT_RETURN_TYPE = YES;
				GCC_WARN_UNINITIALIZED_AUTOS = YES;
				GCC_WARN_UNUSED_VARIABLE = YES;
				IPHONEOS_DEPLOYMENT_TARGET = 6.1;
				OTHER_CFLAGS = "-DNS_BLOCK_ASSERTIONS=1";
				SDKROOT = iphoneos;
				VALIDATE_PRODUCT = YES;
			};
			name = Release;
		};
		E2D6171E184ABD9C004D5EA1 /* Debug */ = {
			isa = XCBuildConfiguration;
			buildSettings = {
				GCC_PRECOMPILE_PREFIX_HEADER = YES;
				GCC_PREFIX_HEADER = "FirstProgram/FirstProgram-Prefix.pch";
				INFOPLIST_FILE = "FirstProgram/FirstProgram-Info.plist";
				PRODUCT_NAME = "$(TARGET_NAME)";
				WRAPPER_EXTENSION = app;
			};
			name = Debug;
		};
		E2D6171F184ABD9C004D5EA1 /* Release */ = {
			isa = XCBuildConfiguration;
			buildSettings = {
				GCC_PRECOMPILE_PREFIX_HEADER = YES;
				GCC_PREFIX_HEADER = "FirstProgram/FirstProgram-Prefix.pch";
				INFOPLIST_FILE = "FirstProgram/FirstProgram-Info.plist";
				PRODUCT_NAME = "$(TARGET_NAME)";
				WRAPPER_EXTENSION = app;
			};
			name = Release;
		};
/* End XCBuildConfiguration section */

/* Begin XCConfigurationList section */
		E2D616F5184ABD9B004D5EA1 /* Build configuration list for PBXProject "FirstProgram" */ = {
			isa = XCConfigurationList;
			buildConfigurations = (
				E2D6171B184ABD9C004D5EA1 /* Debug */,
				E2D6171C184ABD9C004D5EA1 /* Release */,
			);
			defaultConfigurationIsVisible = 0;
			defaultConfigurationName = Release;
		};
		E2D6171D184ABD9C004D5EA1 /* Build configuration list for PBXNativeTarget "FirstProgram" */ = {
			isa = XCConfigurationList;
			buildConfigurations = (
				E2D6171E184ABD9C004D5EA1 /* Debug */,
				E2D6171F184ABD9C004D5EA1 /* Release */,
			);
			defaultConfigurationIsVisible = 0;
		};
/* End XCConfigurationList section */
	};
	rootObject = E2D616F2184ABD9B004D5EA1 /* Project object */;
}
